Microsoft Visual Studio Solution File, Format Version 12.00
# Visual Studio Version 16
VisualStudioVersion = 16.0.0.0
MinimumVisualStudioVersion = 16.0.0.0
Project("{9A19103F-16F7-4668-BE54-9A1E7A4F7556}") = "dotnet-blazor-wasm-hosted-b2c.Server", "Server\dotnet-blazor-wasm-hosted-b2c.Server.csproj", "{981C70F8-7315-4135-ABE4-5A89011F2E4A}"
EndProject
Project("{9A19103F-16F7-4668-BE54-9A1E7A4F7556}") = "dotnet-blazor-wasm-hosted-b2c.Client", "Client\dotnet-blazor-wasm-hosted-b2c.Client.csproj", "{8449C427-BDB5-4B3C-9B71-698EFE502502}"
EndProject
Project("{9A19103F-16F7-4668-BE54-9A1E7A4F7556}") = "dotnet-blazor-wasm-hosted-b2c.Shared", "Shared\dotnet-blazor-wasm-hosted-b2c.Shared.csproj", "{C98919DD-C8F7-4B3E-997B-1D197730E789}"
EndProject
Global
	GlobalSection(SolutionConfigurationPlatforms) = preSolution
		Debug|Any CPU = Debug|Any CPU
		Debug|x64 = Debug|x64
		Debug|x86 = Debug|x86
		Release|Any CPU = Release|Any CPU
		Release|x64 = Release|x64
		Release|x86 = Release|x86
	EndGlobalSection
	GlobalSection(ProjectConfigurationPlatforms) = postSolution
		{8449C427-BDB5-4B3C-9B71-698EFE502502}.Debug|Any CPU.ActiveCfg = Debug|Any CPU
		{8449C427-BDB5-4B3C-9B71-698EFE502502}.Debug|Any CPU.Build.0 = Debug|Any CPU
		{8449C427-BDB5-4B3C-9B71-698EFE502502}.Debug|x64.ActiveCfg = Debug|Any CPU
		{8449C427-BDB5-4B3C-9B71-698EFE502502}.Debug|x64.Build.0 = Debug|Any CPU
		{8449C427-BDB5-4B3C-9B71-698EFE502502}.Debug|x86.ActiveCfg = Debug|Any CPU
		{8449C427-BDB5-4B3C-9B71-698EFE502502}.Debug|x86.Build.0 = Debug|Any CPU
		{8449C427-BDB5-4B3C-9B71-698EFE502502}.Release|Any CPU.ActiveCfg = Release|Any CPU
		{8449C427-BDB5-4B3C-9B71-698EFE502502}.Release|Any CPU.Build.0 = Release|Any CPU
		{8449C427-BDB5-4B3C-9B71-698EFE502502}.Release|x64.ActiveCfg = Release|Any CPU
		{8449C427-BDB5-4B3C-9B71-698EFE502502}.Release|x64.Build.0 = Release|Any CPU
		{8449C427-BDB5-4B3C-9B71-698EFE502502}.Release|x86.ActiveCfg = Release|Any CPU
		{8449C427-BDB5-4B3C-9B71-698EFE502502}.Release|x86.Build.0 = Release|Any CPU
		{981C70F8-7315-4135-ABE4-5A89011F2E4A}.Debug|Any CPU.ActiveCfg = Debug|Any CPU
		{981C70F8-7315-4135-ABE4-5A89011F2E4A}.Debug|Any CPU.Build.0 = Debug|Any CPU
		{981C70F8-7315-4135-ABE4-5A89011F2E4A}.Debug|x64.ActiveCfg = Debug|Any CPU
		{981C70F8-7315-4135-ABE4-5A89011F2E4A}.Debug|x64.Build.0 = Debug|Any CPU
		{981C70F8-7315-4135-ABE4-5A89011F2E4A}.Debug|x86.ActiveCfg = Debug|Any CPU
		{981C70F8-7315-4135-ABE4-5A89011F2E4A}.Debug|x86.Build.0 = Debug|Any CPU
		{981C70F8-7315-4135-ABE4-5A89011F2E4A}.Release|Any CPU.ActiveCfg = Release|Any CPU
		{981C70F8-7315-4135-ABE4-5A89011F2E4A}.Release|Any CPU.Build.0 = Release|Any CPU
		{981C70F8-7315-4135-ABE4-5A89011F2E4A}.Release|x64.ActiveCfg = Release|Any CPU
		{981C70F8-7315-4135-ABE4-5A89011F2E4A}.Release|x64.Build.0 = Release|Any CPU
		{981C70F8-7315-4135-ABE4-5A89011F2E4A}.Release|x86.ActiveCfg = Release|Any CPU
		{981C70F8-7315-4135-ABE4-5A89011F2E4A}.Release|x86.Build.0 = Release|Any CPU
		{C98919DD-C8F7-4B3E-997B-1D197730E789}.Debug|Any CPU.ActiveCfg = Debug|Any CPU
		{C98919DD-C8F7-4B3E-997B-1D197730E789}.Debug|Any CPU.Build.0 = Debug|Any CPU
		{C98919DD-C8F7-4B3E-997B-1D197730E789}.Debug|x64.ActiveCfg = Debug|Any CPU
		{C98919DD-C8F7-4B3E-997B-1D197730E789}.Debug|x64.Build.0 = Debug|Any CPU
		{C98919DD-C8F7-4B3E-997B-1D197730E789}.Debug|x86.ActiveCfg = Debug|Any CPU
		{C98919DD-C8F7-4B3E-997B-1D197730E789}.Debug|x86.Build.0 = Debug|Any CPU
		{C98919DD-C8F7-4B3E-997B-1D197730E789}.Release|Any CPU.ActiveCfg = Release|Any CPU
		{C98919DD-C8F7-4B3E-997B-1D197730E789}.Release|Any CPU.Build.0 = Release|Any CPU
		{C98919DD-C8F7-4B3E-997B-1D197730E789}.Release|x64.ActiveCfg = Release|Any CPU
		{C98919DD-C8F7-4B3E-997B-1D197730E789}.Release|x64.Build.0 = Release|Any CPU
		{C98919DD-C8F7-4B3E-997B-1D197730E789}.Release|x86.ActiveCfg = Release|Any CPU
		{C98919DD-C8F7-4B3E-997B-1D197730E789}.Release|x86.Build.0 = Release|Any CPU
	EndGlobalSection
	GlobalSection(SolutionProperties) = preSolution
		HideSolutionNode = FALSE
	EndGlobalSection
	GlobalSection(ExtensibilityGlobals) = postSolution
		SolutionGuid = {52827F26-AE85-4D69-A949-2D8AC9D17858}
	EndGlobalSection
EndGlobal